
Microsoft Visual Studio Solution File, Format Version 12.00
# Visual Studio Version 17
VisualStudioVersion = 17.7.34024.191
MinimumVisualStudioVersion = 10.0.40219.1
Project("{FAE04EC0-301F-11D3-BF4B-00C04F79EFBC}") = "Week5LogicalOperators", "Week5LogicalOperators\Week5LogicalOperators.csproj", "{DAAF1A6A-970D-455F-87E6-0E72C39A43E5}"
EndProject
Project("{FAE04EC0-301F-11D3-BF4B-00C04F79EFBC}") = "ANDOperator", "ANDOperator\ANDOperator.csproj", "{989BFCD7-C7C4-49C2-AFA9-9BC2B1CB3281}"
EndProject
Project("{FAE04EC0-301F-11D3-BF4B-00C04F79EFBC}") = "OROperator", "OROperator\OROperator.csproj", "{1FD4AA01-2ED9-4E75-A9E2-9738F8A14E70}"
EndProject
Project("{FAE04EC0-301F-11D3-BF4B-00C04F79EFBC}") = "ANDRanges", "ANDRanges\ANDRanges.csproj", "{A474C6B0-EA92-4193-9355-345959006093}"
EndProject
Global
	GlobalSection(SolutionConfigurationPlatforms) = preSolution
		Debug|Any CPU = Debug|Any CPU
		Release|Any CPU = Release|Any CPU
	EndGlobalSection
	GlobalSection(ProjectConfigurationPlatforms) = postSolution
		{DAAF1A6A-970D-455F-87E6-0E72C39A43E5}.Debug|Any CPU.ActiveCfg = Debug|Any CPU
		{DAAF1A6A-970D-455F-87E6-0E72C39A43E5}.Debug|Any CPU.Build.0 = Debug|Any CPU
		{DAAF1A6A-970D-455F-87E6-0E72C39A43E5}.Release|Any CPU.ActiveCfg = Release|Any CPU
		{DAAF1A6A-970D-455F-87E6-0E72C39A43E5}.Release|Any CPU.Build.0 = Release|Any CPU
		{989BFCD7-C7C4-49C2-AFA9-9BC2B1CB3281}.Debug|Any CPU.ActiveCfg = Debug|Any CPU
		{989BFCD7-C7C4-49C2-AFA9-9BC2B1CB3281}.Debug|Any CPU.Build.0 = Debug|Any CPU
		{989BFCD7-C7C4-49C2-AFA9-9BC2B1CB3281}.Release|Any CPU.ActiveCfg = Release|Any CPU
		{989BFCD7-C7C4-49C2-AFA9-9BC2B1CB3281}.Release|Any CPU.Build.0 = Release|Any CPU
		{1FD4AA01-2ED9-4E75-A9E2-9738F8A14E70}.Debug|Any CPU.ActiveCfg = Debug|Any CPU
		{1FD4AA01-2ED9-4E75-A9E2-9738F8A14E70}.Debug|Any CPU.Build.0 = Debug|Any CPU
		{1FD4AA01-2ED9-4E75-A9E2-9738F8A14E70}.Release|Any CPU.ActiveCfg = Release|Any CPU
		{1FD4AA01-2ED9-4E75-A9E2-9738F8A14E70}.Release|Any CPU.Build.0 = Release|Any CPU
		{A474C6B0-EA92-4193-9355-345959006093}.Debug|Any CPU.ActiveCfg = Debug|Any CPU
		{A474C6B0-EA92-4193-9355-345959006093}.Debug|Any CPU.Build.0 = Debug|Any CPU
		{A474C6B0-EA92-4193-9355-345959006093}.Release|Any CPU.ActiveCfg = Release|Any CPU
		{A474C6B0-EA92-4193-9355-345959006093}.Release|Any CPU.Build.0 = Release|Any CPU
	EndGlobalSection
	GlobalSection(SolutionProperties) = preSolution
		HideSolutionNode = FALSE
	EndGlobalSection
	GlobalSection(ExtensibilityGlobals) = postSolution
		SolutionGuid = {9A59D2FE-8FBE-4794-A9CD-B3704A45E5B1}
	EndGlobalSection
EndGlobal
